// !$*UTF8*$!
{
	archiveVersion = 1;
	classes = {
	};
	objectVersion = 55;
	objects = {

/* Begin PBXBuildFile section */
		0479F22828AF1C5F00823906 /* imgui_impl_metal.mm in Sources */ = {isa = PBXBuildFile; fileRef = 0479F22428AF1C5F00823906 /* imgui_impl_metal.mm */; };
		0479F22928AF1C5F00823906 /* imgui_impl_metal.h in Headers */ = {isa = PBXBuildFile; fileRef = 0479F22528AF1C5F00823906 /* imgui_impl_metal.h */; };
		0479F22A28AF1C5F00823906 /* imgui_impl_glfw.cpp in Sources */ = {isa = PBXBuildFile; fileRef = 0479F22628AF1C5F00823906 /* imgui_impl_glfw.cpp */; };
		0479F22B28AF1C5F00823906 /* imgui_impl_glfw.h in Headers */ = {isa = PBXBuildFile; fileRef = 0479F22728AF1C5F00823906 /* imgui_impl_glfw.h */; };
		0479F23728AF1C6800823906 /* imgui_tables.cpp in Sources */ = {isa = PBXBuildFile; fileRef = 0479F22C28AF1C6800823906 /* imgui_tables.cpp */; };
		0479F23828AF1C6800823906 /* imstb_textedit.h in Headers */ = {isa = PBXBuildFile; fileRef = 0479F22D28AF1C6800823906 /* imstb_textedit.h */; };
		0479F23928AF1C6800823906 /* imgui_draw.cpp in Sources */ = {isa = PBXBuildFile; fileRef = 0479F22E28AF1C6800823906 /* imgui_draw.cpp */; };
		0479F23A28AF1C6800823906 /* imconfig.h in Headers */ = {isa = PBXBuildFile; fileRef = 0479F22F28AF1C6800823906 /* imconfig.h */; };
		0479F23B28AF1C6800823906 /* imstb_truetype.h in Headers */ = {isa = PBXBuildFile; fileRef = 0479F23028AF1C6800823906 /* imstb_truetype.h */; };
		0479F23C28AF1C6800823906 /* imgui_widgets.cpp in Sources */ = {isa = PBXBuildFile; fileRef = 0479F23128AF1C6800823906 /* imgui_widgets.cpp */; };
		0479F23D28AF1C6800823906 /* imgui.cpp in Sources */ = {isa = PBXBuildFile; fileRef = 0479F23228AF1C6800823906 /* imgui.cpp */; };
		0479F23E28AF1C6800823906 /* imgui.h in Headers */ = {isa = PBXBuildFile; fileRef = 0479F23328AF1C6800823906 /* imgui.h */; };
		0479F23F28AF1C6800823906 /* imstb_rectpack.h in Headers */ = {isa = PBXBuildFile; fileRef = 0479F23428AF1C6800823906 /* imstb_rectpack.h */; };
		0479F24028AF1C6800823906 /* imgui_demo.cpp in Sources */ = {isa = PBXBuildFile; fileRef = 0479F23528AF1C6800823906 /* imgui_demo.cpp */; };
		0479F24128AF1C6800823906 /* imgui_internal.h in Headers */ = {isa = PBXBuildFile; fileRef = 0479F23628AF1C6800823906 /* imgui_internal.h */; };
		0479F24328AF1CD500823906 /* main.mm in Sources */ = {isa = PBXBuildFile; fileRef = 0479F24228AF1CD500823906 /* main.mm */; };
		0479F24928AF1CEA00823906 /* libthird_party.a in Frameworks */ = {isa = PBXBuildFile; fileRef = 0479F21928AF1BD000823906 /* libthird_party.a */; };
		0479F24C28AF1D5200823906 /* Metal.framework in Frameworks */ = {isa = PBXBuildFile; fileRef = 0479F24B28AF1D5200823906 /* Metal.framework */; };
		0479F24E28AF1D5800823906 /* Cocoa.framework in Frameworks */ = {isa = PBXBuildFile; fileRef = 0479F24D28AF1D5800823906 /* Cocoa.framework */; };
		0479F25028AF1D5F00823906 /* IOKit.framework in Frameworks */ = {isa = PBXBuildFile; fileRef = 0479F24F28AF1D5F00823906 /* IOKit.framework */; };
		0479F25228AF1D7200823906 /* QuartzCore.framework in Frameworks */ = {isa = PBXBuildFile; fileRef = 0479F25128AF1D7200823906 /* QuartzCore.framework */; };
		0479F25828AF1EEB00823906 /* test.metal in Sources */ = {isa = PBXBuildFile; fileRef = 0479F25728AF1EEB00823906 /* test.metal */; };
		0479F26128AF1FE500823906 /* engine.mm in Sources */ = {isa = PBXBuildFile; fileRef = 0479F25F28AF1FE500823906 /* engine.mm */; };
		0479F26228AF1FE500823906 /* engine.h in Headers */ = {isa = PBXBuildFile; fileRef = 0479F26028AF1FE500823906 /* engine.h */; };
		0479F26528AF20D000823906 /* image.h in Headers */ = {isa = PBXBuildFile; fileRef = 0479F26328AF20D000823906 /* image.h */; };
		0479F26628AF20D000823906 /* image.m in Sources */ = {isa = PBXBuildFile; fileRef = 0479F26428AF20D000823906 /* image.m */; };
		0479F26828AF224800823906 /* logging.h in Headers */ = {isa = PBXBuildFile; fileRef = 0479F26728AF224800823906 /* logging.h */; };
		0479F26B28AF252500823906 /* libvox.compute.a in Frameworks */ = {isa = PBXBuildFile; fileRef = 0479F20A28AF1BBB00823906 /* libvox.compute.a */; };
/* End PBXBuildFile section */

/* Begin PBXContainerItemProxy section */
		0479F24628AF1CE800823906 /* PBXContainerItemProxy */ = {
			isa = PBXContainerItemProxy;
			containerPortal = 0479F1F428AF1B8C00823906 /* Project object */;
			proxyType = 1;
			remoteGlobalIDString = 0479F21828AF1BD000823906;
			remoteInfo = third_party;
		};
		0479F25D28AF1F6700823906 /* PBXContainerItemProxy */ = {
			isa = PBXContainerItemProxy;
			containerPortal = 0479F1F428AF1B8C00823906 /* Project object */;
			proxyType = 1;
			remoteGlobalIDString = 0479F25428AF1EEB00823906;
			remoteInfo = vox.shader;
		};
		0479F26928AF252300823906 /* PBXContainerItemProxy */ = {
			isa = PBXContainerItemProxy;
			containerPortal = 0479F1F428AF1B8C00823906 /* Project object */;
			proxyType = 1;
			remoteGlobalIDString = 0479F20928AF1BBB00823906;
			remoteInfo = vox.compute;
		};
/* End PBXContainerItemProxy section */

/* Begin PBXCopyFilesBuildPhase section */
		0479F1FA28AF1B8C00823906 /* CopyFiles */ = {
			isa = PBXCopyFilesBuildPhase;
			buildActionMask = 2147483647;
			dstPath = /usr/share/man/man1/;
			dstSubfolderSpec = 0;
			files = (
			);
			runOnlyForDeploymentPostprocessing = 1;
		};
/* End PBXCopyFilesBuildPhase section */

/* Begin PBXFileReference section */
		0479F1FC28AF1B8C00823906 /* apps */ = {isa = PBXFileReference; explicitFileType = "compiled.mach-o.executable"; includeInIndex = 0; path = apps; sourceTree = BUILT_PRODUCTS_DIR; };
		0479F20A28AF1BBB00823906 /* libvox.compute.a */ = {isa = PBXFileReference; explicitFileType = archive.ar; includeInIndex = 0; path = libvox.compute.a; sourceTree = BUILT_PRODUCTS_DIR; };
		0479F21928AF1BD000823906 /* libthird_party.a */ = {isa = PBXFileReference; explicitFileType = archive.ar; includeInIndex = 0; path = libthird_party.a; sourceTree = BUILT_PRODUCTS_DIR; };
		0479F22428AF1C5F00823906 /* imgui_impl_metal.mm */ = {isa = PBXFileReference; fileEncoding = 4; lastKnownFileType = sourcecode.cpp.objcpp; name = imgui_impl_metal.mm; path = imgui/backends/imgui_impl_metal.mm; sourceTree = "<group>"; };
		0479F22528AF1C5F00823906 /* imgui_impl_metal.h */ = {isa = PBXFileReference; fileEncoding = 4; lastKnownFileType = sourcecode.c.h; name = imgui_impl_metal.h; path = imgui/backends/imgui_impl_metal.h; sourceTree = "<group>"; };
		0479F22628AF1C5F00823906 /* imgui_impl_glfw.cpp */ = {isa = PBXFileReference; fileEncoding = 4; lastKnownFileType = sourcecode.cpp.cpp; name = imgui_impl_glfw.cpp; path = imgui/backends/imgui_impl_glfw.cpp; sourceTree = "<group>"; };
		0479F22728AF1C5F00823906 /* imgui_impl_glfw.h */ = {isa = PBXFileReference; fileEncoding = 4; lastKnownFileType = sourcecode.c.h; name = imgui_impl_glfw.h; path = imgui/backends/imgui_impl_glfw.h; sourceTree = "<group>"; };
		0479F22C28AF1C6800823906 /* imgui_tables.cpp */ = {isa = PBXFileReference; fileEncoding = 4; lastKnownFileType = sourcecode.cpp.cpp; name = imgui_tables.cpp; path = imgui/imgui_tables.cpp; sourceTree = "<group>"; };
		0479F22D28AF1C6800823906 /* imstb_textedit.h */ = {isa = PBXFileReference; fileEncoding = 4; lastKnownFileType = sourcecode.c.h; name = imstb_textedit.h; path = imgui/imstb_textedit.h; sourceTree = "<group>"; };
		0479F22E28AF1C6800823906 /* imgui_draw.cpp */ = {isa = PBXFileReference; fileEncoding = 4; lastKnownFileType = sourcecode.cpp.cpp; name = imgui_draw.cpp; path = imgui/imgui_draw.cpp; sourceTree = "<group>"; };
		0479F22F28AF1C6800823906 /* imconfig.h */ = {isa = PBXFileReference; fileEncoding = 4; lastKnownFileType = sourcecode.c.h; name = imconfig.h; path = imgui/imconfig.h; sourceTree = "<group>"; };
		0479F23028AF1C6800823906 /* imstb_truetype.h */ = {isa = PBXFileReference; fileEncoding = 4; lastKnownFileType = sourcecode.c.h; name = imstb_truetype.h; path = imgui/imstb_truetype.h; sourceTree = "<group>"; };
		0479F23128AF1C6800823906 /* imgui_widgets.cpp */ = {isa = PBXFileReference; fileEncoding = 4; lastKnownFileType = sourcecode.cpp.cpp; name = imgui_widgets.cpp; path = imgui/imgui_widgets.cpp; sourceTree = "<group>"; };
		0479F23228AF1C6800823906 /* imgui.cpp */ = {isa = PBXFileReference; fileEncoding = 4; lastKnownFileType = sourcecode.cpp.cpp; name = imgui.cpp; path = imgui/imgui.cpp; sourceTree = "<group>"; };
		0479F23328AF1C6800823906 /* imgui.h */ = {isa = PBXFileReference; fileEncoding = 4; lastKnownFileType = sourcecode.c.h; name = imgui.h; path = imgui/imgui.h; sourceTree = "<group>"; };
		0479F23428AF1C6800823906 /* imstb_rectpack.h */ = {isa = PBXFileReference; fileEncoding = 4; lastKnownFileType = sourcecode.c.h; name = imstb_rectpack.h; path = imgui/imstb_rectpack.h; sourceTree = "<group>"; };
		0479F23528AF1C6800823906 /* imgui_demo.cpp */ = {isa = PBXFileReference; fileEncoding = 4; lastKnownFileType = sourcecode.cpp.cpp; name = imgui_demo.cpp; path = imgui/imgui_demo.cpp; sourceTree = "<group>"; };
		0479F23628AF1C6800823906 /* imgui_internal.h */ = {isa = PBXFileReference; fileEncoding = 4; lastKnownFileType = sourcecode.c.h; name = imgui_internal.h; path = imgui/imgui_internal.h; sourceTree = "<group>"; };
		0479F24228AF1CD500823906 /* main.mm */ = {isa = PBXFileReference; fileEncoding = 4; lastKnownFileType = sourcecode.cpp.objcpp; path = main.mm; sourceTree = "<group>"; };
		0479F24A28AF1CFC00823906 /* apps.entitlements */ = {isa = PBXFileReference; lastKnownFileType = text.plist.entitlements; path = apps.entitlements; sourceTree = "<group>"; };
		0479F24B28AF1D5200823906 /* Metal.framework */ = {isa = PBXFileReference; lastKnownFileType = wrapper.framework; name = Metal.framework; path = System/Library/Frameworks/Metal.framework; sourceTree = SDKROOT; };
		0479F24D28AF1D5800823906 /* Cocoa.framework */ = {isa = PBXFileReference; lastKnownFileType = wrapper.framework; name = Cocoa.framework; path = System/Library/Frameworks/Cocoa.framework; sourceTree = SDKROOT; };
		0479F24F28AF1D5F00823906 /* IOKit.framework */ = {isa = PBXFileReference; lastKnownFileType = wrapper.framework; name = IOKit.framework; path = System/Library/Frameworks/IOKit.framework; sourceTree = SDKROOT; };
		0479F25128AF1D7200823906 /* QuartzCore.framework */ = {isa = PBXFileReference; lastKnownFileType = wrapper.framework; name = QuartzCore.framework; path = System/Library/Frameworks/QuartzCore.framework; sourceTree = SDKROOT; };
		0479F25528AF1EEB00823906 /* vox.shader.metallib */ = {isa = PBXFileReference; explicitFileType = "archive.metal-library"; includeInIndex = 0; path = vox.shader.metallib; sourceTree = BUILT_PRODUCTS_DIR; };
		0479F25728AF1EEB00823906 /* test.metal */ = {isa = PBXFileReference; lastKnownFileType = sourcecode.metal; path = test.metal; sourceTree = "<group>"; };
		0479F25C28AF1F2200823906 /* common.h */ = {isa = PBXFileReference; lastKnownFileType = sourcecode.c.h; path = common.h; sourceTree = "<group>"; };
		0479F25F28AF1FE500823906 /* engine.mm */ = {isa = PBXFileReference; lastKnownFileType = sourcecode.cpp.objcpp; path = engine.mm; sourceTree = "<group>"; };
		0479F26028AF1FE500823906 /* engine.h */ = {isa = PBXFileReference; lastKnownFileType = sourcecode.c.h; path = engine.h; sourceTree = "<group>"; };
		0479F26328AF20D000823906 /* image.h */ = {isa = PBXFileReference; fileEncoding = 4; lastKnownFileType = sourcecode.c.h; path = image.h; sourceTree = "<group>"; };
		0479F26428AF20D000823906 /* image.m */ = {isa = PBXFileReference; fileEncoding = 4; lastKnownFileType = sourcecode.c.objc; path = image.m; sourceTree = "<group>"; };
		0479F26728AF224800823906 /* logging.h */ = {isa = PBXFileReference; fileEncoding = 4; lastKnownFileType = sourcecode.c.h; path = logging.h; sourceTree = "<group>"; };
		0479F26C28AF25CC00823906 /* asset.xcassets */ = {isa = PBXFileReference; lastKnownFileType = folder.assetcatalog; path = asset.xcassets; sourceTree = "<group>"; };
		0479F26F28AF2B0D00823906 /* Image.tga */ = {isa = PBXFileReference; lastKnownFileType = file; path = Image.tga; sourceTree = "<group>"; };
/* End PBXFileReference section */

/* Begin PBXFrameworksBuildPhase section */
		0479F1F928AF1B8C00823906 /* Frameworks */ = {
			isa = PBXFrameworksBuildPhase;
			buildActionMask = 2147483647;
			files = (
				0479F26B28AF252500823906 /* libvox.compute.a in Frameworks */,
				0479F25228AF1D7200823906 /* QuartzCore.framework in Frameworks */,
				0479F25028AF1D5F00823906 /* IOKit.framework in Frameworks */,
				0479F24E28AF1D5800823906 /* Cocoa.framework in Frameworks */,
				0479F24C28AF1D5200823906 /* Metal.framework in Frameworks */,
				0479F24928AF1CEA00823906 /* libthird_party.a in Frameworks */,
			);
			runOnlyForDeploymentPostprocessing = 0;
		};
		0479F20828AF1BBB00823906 /* Frameworks */ = {
			isa = PBXFrameworksBuildPhase;
			buildActionMask = 2147483647;
			files = (
			);
			runOnlyForDeploymentPostprocessing = 0;
		};
		0479F21728AF1BD000823906 /* Frameworks */ = {
			isa = PBXFrameworksBuildPhase;
			buildActionMask = 2147483647;
			files = (
			);
			runOnlyForDeploymentPostprocessing = 0;
		};
/* End PBXFrameworksBuildPhase section */

/* Begin PBXGroup section */
		0479F1F328AF1B8C00823906 = {
			isa = PBXGroup;
			children = (
				0479F20B28AF1BBB00823906 /* vox.compute */,
				0479F25628AF1EEB00823906 /* vox.shader */,
				0479F1FE28AF1B8C00823906 /* apps */,
				0479F21A28AF1BD000823906 /* third_party */,
				0479F1FD28AF1B8C00823906 /* Products */,
				0479F24828AF1CEA00823906 /* Frameworks */,
			);
			sourceTree = "<group>";
		};
		0479F1FD28AF1B8C00823906 /* Products */ = {
			isa = PBXGroup;
			children = (
				0479F1FC28AF1B8C00823906 /* apps */,
				0479F20A28AF1BBB00823906 /* libvox.compute.a */,
				0479F21928AF1BD000823906 /* libthird_party.a */,
				0479F25528AF1EEB00823906 /* vox.shader.metallib */,
			);
			name = Products;
			sourceTree = "<group>";
		};
		0479F1FE28AF1B8C00823906 /* apps */ = {
			isa = PBXGroup;
			children = (
				0479F24A28AF1CFC00823906 /* apps.entitlements */,
				0479F24228AF1CD500823906 /* main.mm */,
			);
			path = apps;
			sourceTree = "<group>";
		};
		0479F20B28AF1BBB00823906 /* vox.compute */ = {
			isa = PBXGroup;
			children = (
				0479F26728AF224800823906 /* logging.h */,
				0479F26328AF20D000823906 /* image.h */,
				0479F26428AF20D000823906 /* image.m */,
				0479F26028AF1FE500823906 /* engine.h */,
				0479F25F28AF1FE500823906 /* engine.mm */,
				0479F26C28AF25CC00823906 /* asset.xcassets */,
				0479F26F28AF2B0D00823906 /* Image.tga */,
			);
			path = vox.compute;
			sourceTree = "<group>";
		};
		0479F21A28AF1BD000823906 /* third_party */ = {
			isa = PBXGroup;
			children = (
				0479F22F28AF1C6800823906 /* imconfig.h */,
				0479F23628AF1C6800823906 /* imgui_internal.h */,
				0479F23328AF1C6800823906 /* imgui.h */,
				0479F23228AF1C6800823906 /* imgui.cpp */,
				0479F22E28AF1C6800823906 /* imgui_draw.cpp */,
				0479F22C28AF1C6800823906 /* imgui_tables.cpp */,
				0479F23128AF1C6800823906 /* imgui_widgets.cpp */,
				0479F23428AF1C6800823906 /* imstb_rectpack.h */,
				0479F22D28AF1C6800823906 /* imstb_textedit.h */,
				0479F23028AF1C6800823906 /* imstb_truetype.h */,
				0479F22628AF1C5F00823906 /* imgui_impl_glfw.cpp */,
				0479F22728AF1C5F00823906 /* imgui_impl_glfw.h */,
				0479F22528AF1C5F00823906 /* imgui_impl_metal.h */,
				0479F22428AF1C5F00823906 /* imgui_impl_metal.mm */,
				0479F23528AF1C6800823906 /* imgui_demo.cpp */,
			);
			path = third_party;
			sourceTree = "<group>";
		};
		0479F24828AF1CEA00823906 /* Frameworks */ = {
			isa = PBXGroup;
			children = (
				0479F25128AF1D7200823906 /* QuartzCore.framework */,
				0479F24F28AF1D5F00823906 /* IOKit.framework */,
				0479F24D28AF1D5800823906 /* Cocoa.framework */,
				0479F24B28AF1D5200823906 /* Metal.framework */,
			);
			name = Frameworks;
			sourceTree = "<group>";
		};
		0479F25628AF1EEB00823906 /* vox.shader */ = {
			isa = PBXGroup;
			children = (
				0479F25C28AF1F2200823906 /* common.h */,
				0479F25728AF1EEB00823906 /* test.metal */,
			);
			path = vox.shader;
			sourceTree = "<group>";
		};
/* End PBXGroup section */

/* Begin PBXHeadersBuildPhase section */
		0479F20628AF1BBB00823906 /* Headers */ = {
			isa = PBXHeadersBuildPhase;
			buildActionMask = 2147483647;
			files = (
				0479F26528AF20D000823906 /* image.h in Headers */,
				0479F26828AF224800823906 /* logging.h in Headers */,
				0479F26228AF1FE500823906 /* engine.h in Headers */,
			);
			runOnlyForDeploymentPostprocessing = 0;
		};
		0479F21528AF1BD000823906 /* Headers */ = {
			isa = PBXHeadersBuildPhase;
			buildActionMask = 2147483647;
			files = (
				0479F23E28AF1C6800823906 /* imgui.h in Headers */,
				0479F23A28AF1C6800823906 /* imconfig.h in Headers */,
				0479F23B28AF1C6800823906 /* imstb_truetype.h in Headers */,
				0479F23F28AF1C6800823906 /* imstb_rectpack.h in Headers */,
				0479F22B28AF1C5F00823906 /* imgui_impl_glfw.h in Headers */,
				0479F24128AF1C6800823906 /* imgui_internal.h in Headers */,
				0479F23828AF1C6800823906 /* imstb_textedit.h in Headers */,
				0479F22928AF1C5F00823906 /* imgui_impl_metal.h in Headers */,
			);
			runOnlyForDeploymentPostprocessing = 0;
		};
/* End PBXHeadersBuildPhase section */

/* Begin PBXNativeTarget section */
		0479F1FB28AF1B8C00823906 /* apps */ = {
			isa = PBXNativeTarget;
			buildConfigurationList = 0479F20328AF1B8C00823906 /* Build configuration list for PBXNativeTarget "apps" */;
			buildPhases = (
				0479F1F828AF1B8C00823906 /* Sources */,
				0479F1F928AF1B8C00823906 /* Frameworks */,
				0479F1FA28AF1B8C00823906 /* CopyFiles */,
			);
			buildRules = (
			);
			dependencies = (
				0479F26A28AF252300823906 /* PBXTargetDependency */,
				0479F25E28AF1F6700823906 /* PBXTargetDependency */,
				0479F24728AF1CE800823906 /* PBXTargetDependency */,
			);
			name = apps;
			productName = DigitalCompute;
			productReference = 0479F1FC28AF1B8C00823906 /* apps */;
			productType = "com.apple.product-type.tool";
		};
		0479F20928AF1BBB00823906 /* vox.compute */ = {
			isa = PBXNativeTarget;
			buildConfigurationList = 0479F21228AF1BBB00823906 /* Build configuration list for PBXNativeTarget "vox.compute" */;
			buildPhases = (
				0479F20628AF1BBB00823906 /* Headers */,
				0479F20728AF1BBB00823906 /* Sources */,
				0479F20828AF1BBB00823906 /* Frameworks */,
			);
			buildRules = (
			);
			dependencies = (
			);
			name = vox.compute;
			productName = vox.compute;
			productReference = 0479F20A28AF1BBB00823906 /* libvox.compute.a */;
			productType = "com.apple.product-type.library.static";
		};
		0479F21828AF1BD000823906 /* third_party */ = {
			isa = PBXNativeTarget;
			buildConfigurationList = 0479F22128AF1BD000823906 /* Build configuration list for PBXNativeTarget "third_party" */;
			buildPhases = (
				0479F21528AF1BD000823906 /* Headers */,
				0479F21628AF1BD000823906 /* Sources */,
				0479F21728AF1BD000823906 /* Frameworks */,
			);
			buildRules = (
			);
			dependencies = (
			);
			name = third_party;
			productName = third_party;
			productReference = 0479F21928AF1BD000823906 /* libthird_party.a */;
			productType = "com.apple.product-type.library.static";
		};
		0479F25428AF1EEB00823906 /* vox.shader */ = {
			isa = PBXNativeTarget;
			buildConfigurationList = 0479F25928AF1EEB00823906 /* Build configuration list for PBXNativeTarget "vox.shader" */;
			buildPhases = (
				0479F25328AF1EEB00823906 /* Sources */,
			);
			buildRules = (
			);
			dependencies = (
			);
			name = vox.shader;
			productName = vox.shader;
			productReference = 0479F25528AF1EEB00823906 /* vox.shader.metallib */;
			productType = "com.apple.product-type.metal-library";
		};
/* End PBXNativeTarget section */

/* Begin PBXProject section */
		0479F1F428AF1B8C00823906 /* Project object */ = {
			isa = PBXProject;
			attributes = {
				BuildIndependentTargetsInParallel = 1;
				LastUpgradeCheck = 1340;
				TargetAttributes = {
					0479F1FB28AF1B8C00823906 = {
						CreatedOnToolsVersion = 13.4.1;
					};
					0479F20928AF1BBB00823906 = {
						CreatedOnToolsVersion = 13.4.1;
					};
					0479F21828AF1BD000823906 = {
						CreatedOnToolsVersion = 13.4.1;
					};
					0479F25428AF1EEB00823906 = {
						CreatedOnToolsVersion = 13.4.1;
					};
				};
			};
			buildConfigurationList = 0479F1F728AF1B8C00823906 /* Build configuration list for PBXProject "DigitalCompute" */;
			compatibilityVersion = "Xcode 13.0";
			developmentRegion = en;
			hasScannedForEncodings = 0;
			knownRegions = (
				en,
				Base,
			);
			mainGroup = 0479F1F328AF1B8C00823906;
			productRefGroup = 0479F1FD28AF1B8C00823906 /* Products */;
			projectDirPath = "";
			projectRoot = "";
			targets = (
				0479F25428AF1EEB00823906 /* vox.shader */,
				0479F20928AF1BBB00823906 /* vox.compute */,
				0479F1FB28AF1B8C00823906 /* apps */,
				0479F21828AF1BD000823906 /* third_party */,
			);
		};
/* End PBXProject section */

/* Begin PBXSourcesBuildPhase section */
		0479F1F828AF1B8C00823906 /* Sources */ = {
			isa = PBXSourcesBuildPhase;
			buildActionMask = 2147483647;
			files = (
				0479F24328AF1CD500823906 /* main.mm in Sources */,
			);
			runOnlyForDeploymentPostprocessing = 0;
		};
		0479F20728AF1BBB00823906 /* Sources */ = {
			isa = PBXSourcesBuildPhase;
			buildActionMask = 2147483647;
			files = (
				0479F26128AF1FE500823906 /* engine.mm in Sources */,
				0479F26628AF20D000823906 /* image.m in Sources */,
			);
			runOnlyForDeploymentPostprocessing = 0;
		};
		0479F21628AF1BD000823906 /* Sources */ = {
			isa = PBXSourcesBuildPhase;
			buildActionMask = 2147483647;
			files = (
				0479F22828AF1C5F00823906 /* imgui_impl_metal.mm in Sources */,
				0479F23728AF1C6800823906 /* imgui_tables.cpp in Sources */,
				0479F22A28AF1C5F00823906 /* imgui_impl_glfw.cpp in Sources */,
				0479F23C28AF1C6800823906 /* imgui_widgets.cpp in Sources */,
				0479F23928AF1C6800823906 /* imgui_draw.cpp in Sources */,
				0479F24028AF1C6800823906 /* imgui_demo.cpp in Sources */,
				0479F23D28AF1C6800823906 /* imgui.cpp in Sources */,
			);
			runOnlyForDeploymentPostprocessing = 0;
		};
		0479F25328AF1EEB00823906 /* Sources */ = {
			isa = PBXSourcesBuildPhase;
			buildActionMask = 2147483647;
			files = (
				0479F25828AF1EEB00823906 /* test.metal in Sources */,
			);
			runOnlyForDeploymentPostprocessing = 0;
		};
/* End PBXSourcesBuildPhase section */

/* Begin PBXTargetDependency section */
		0479F24728AF1CE800823906 /* PBXTargetDependency */ = {
			isa = PBXTargetDependency;
			target = 0479F21828AF1BD000823906 /* third_party */;
			targetProxy = 0479F24628AF1CE800823906 /* PBXContainerItemProxy */;
		};
		0479F25E28AF1F6700823906 /* PBXTargetDependency */ = {
			isa = PBXTargetDependency;
			target = 0479F25428AF1EEB00823906 /* vox.shader */;
			targetProxy = 0479F25D28AF1F6700823906 /* PBXContainerItemProxy */;
		};
		0479F26A28AF252300823906 /* PBXTargetDependency */ = {
			isa = PBXTargetDependency;
			target = 0479F20928AF1BBB00823906 /* vox.compute */;
			targetProxy = 0479F26928AF252300823906 /* PBXContainerItemProxy */;
		};
/* End PBXTargetDependency section */

/* Begin XCBuildConfiguration section */
		0479F20128AF1B8C00823906 /* Debug */ = {
			isa = XCBuildConfiguration;
			buildSettings = {
				ALWAYS_SEARCH_USER_PATHS = NO;
				CLANG_ANALYZER_NONNULL = YES;
				CLANG_ANALYZER_NUMBER_OBJECT_CONVERSION = YES_AGGRESSIVE;
				CLANG_CXX_LANGUAGE_STANDARD = "gnu++17";
				CLANG_ENABLE_MODULES = YES;
				CLANG_ENABLE_OBJC_ARC = YES;
				CLANG_ENABLE_OBJC_WEAK = YES;
				CLANG_WARN_BLOCK_CAPTURE_AUTORELEASING = YES;
				CLANG_WARN_BOOL_CONVERSION = YES;
				CLANG_WARN_COMMA = YES;
				CLANG_WARN_CONSTANT_CONVERSION = YES;
				CLANG_WARN_DEPRECATED_OBJC_IMPLEMENTATIONS = YES;
				CLANG_WARN_DIRECT_OBJC_ISA_USAGE = YES_ERROR;
				CLANG_WARN_DOCUMENTATION_COMMENTS = YES;
				CLANG_WARN_EMPTY_BODY = YES;
				CLANG_WARN_ENUM_CONVERSION = YES;
				CLANG_WARN_INFINITE_RECURSION = YES;
				CLANG_WARN_INT_CONVERSION = YES;
				CLANG_WARN_NON_LITERAL_NULL_CONVERSION = YES;
				CLANG_WARN_OBJC_IMPLICIT_RETAIN_SELF = YES;
				CLANG_WARN_OBJC_LITERAL_CONVERSION = YES;
				CLANG_WARN_OBJC_ROOT_CLASS = YES_ERROR;
				CLANG_WARN_QUOTED_INCLUDE_IN_FRAMEWORK_HEADER = YES;
				CLANG_WARN_RANGE_LOOP_ANALYSIS = YES;
				CLANG_WARN_STRICT_PROTOTYPES = YES;
				CLANG_WARN_SUSPICIOUS_MOVE = YES;
				CLANG_WARN_UNGUARDED_AVAILABILITY = YES_AGGRESSIVE;
				CLANG_WARN_UNREACHABLE_CODE = YES;
				CLANG_WARN__DUPLICATE_METHOD_MATCH = YES;
				COPY_PHASE_STRIP = NO;
				DEBUG_INFORMATION_FORMAT = dwarf;
				ENABLE_STRICT_OBJC_MSGSEND = YES;
				ENABLE_TESTABILITY = YES;
				GCC_C_LANGUAGE_STANDARD = gnu11;
				GCC_DYNAMIC_NO_PIC = NO;
				GCC_NO_COMMON_BLOCKS = YES;
				GCC_OPTIMIZATION_LEVEL = 0;
				GCC_PREPROCESSOR_DEFINITIONS = (
					"DEBUG=1",
					"$(inherited)",
				);
				GCC_WARN_64_TO_32_BIT_CONVERSION = YES;
				GCC_WARN_ABOUT_RETURN_TYPE = YES_ERROR;
				GCC_WARN_UNDECLARED_SELECTOR = YES;
				GCC_WARN_UNINITIALIZED_AUTOS = YES_AGGRESSIVE;
				GCC_WARN_UNUSED_FUNCTION = YES;
				GCC_WARN_UNUSED_VARIABLE = YES;
				MACOSX_DEPLOYMENT_TARGET = 12.3;
				MTL_ENABLE_DEBUG_INFO = INCLUDE_SOURCE;
				MTL_FAST_MATH = YES;
				ONLY_ACTIVE_ARCH = YES;
				SDKROOT = macosx;
			};
			name = Debug;
		};
		0479F20228AF1B8C00823906 /* Release */ = {
			isa = XCBuildConfiguration;
			buildSettings = {
				ALWAYS_SEARCH_USER_PATHS = NO;
				CLANG_ANALYZER_NONNULL = YES;
				CLANG_ANALYZER_NUMBER_OBJECT_CONVERSION = YES_AGGRESSIVE;
				CLANG_CXX_LANGUAGE_STANDARD = "gnu++17";
				CLANG_ENABLE_MODULES = YES;
				CLANG_ENABLE_OBJC_ARC = YES;
				CLANG_ENABLE_OBJC_WEAK = YES;
				CLANG_WARN_BLOCK_CAPTURE_AUTORELEASING = YES;
				CLANG_WARN_BOOL_CONVERSION = YES;
				CLANG_WARN_COMMA = YES;
				CLANG_WARN_CONSTANT_CONVERSION = YES;
				CLANG_WARN_DEPRECATED_OBJC_IMPLEMENTATIONS = YES;
				CLANG_WARN_DIRECT_OBJC_ISA_USAGE = YES_ERROR;
				CLANG_WARN_DOCUMENTATION_COMMENTS = YES;
				CLANG_WARN_EMPTY_BODY = YES;
				CLANG_WARN_ENUM_CONVERSION = YES;
				CLANG_WARN_INFINITE_RECURSION = YES;
				CLANG_WARN_INT_CONVERSION = YES;
				CLANG_WARN_NON_LITERAL_NULL_CONVERSION = YES;
				CLANG_WARN_OBJC_IMPLICIT_RETAIN_SELF = YES;
				CLANG_WARN_OBJC_LITERAL_CONVERSION = YES;
				CLANG_WARN_OBJC_ROOT_CLASS = YES_ERROR;
				CLANG_WARN_QUOTED_INCLUDE_IN_FRAMEWORK_HEADER = YES;
				CLANG_WARN_RANGE_LOOP_ANALYSIS = YES;
				CLANG_WARN_STRICT_PROTOTYPES = YES;
				CLANG_WARN_SUSPICIOUS_MOVE = YES;
				CLANG_WARN_UNGUARDED_AVAILABILITY = YES_AGGRESSIVE;
				CLANG_WARN_UNREACHABLE_CODE = YES;
				CLANG_WARN__DUPLICATE_METHOD_MATCH = YES;
				COPY_PHASE_STRIP = NO;
				DEBUG_INFORMATION_FORMAT = "dwarf-with-dsym";
				ENABLE_NS_ASSERTIONS = NO;
				ENABLE_STRICT_OBJC_MSGSEND = YES;
				GCC_C_LANGUAGE_STANDARD = gnu11;
				GCC_NO_COMMON_BLOCKS = YES;
				GCC_WARN_64_TO_32_BIT_CONVERSION = YES;
				GCC_WARN_ABOUT_RETURN_TYPE = YES_ERROR;
				GCC_WARN_UNDECLARED_SELECTOR = YES;
				GCC_WARN_UNINITIALIZED_AUTOS = YES_AGGRESSIVE;
				GCC_WARN_UNUSED_FUNCTION = YES;
				GCC_WARN_UNUSED_VARIABLE = YES;
				MACOSX_DEPLOYMENT_TARGET = 12.3;
				MTL_ENABLE_DEBUG_INFO = NO;
				MTL_FAST_MATH = YES;
				SDKROOT = macosx;
			};
			name = Release;
		};
		0479F20428AF1B8C00823906 /* Debug */ = {
			isa = XCBuildConfiguration;
			buildSettings = {
				CODE_SIGN_ENTITLEMENTS = apps/apps.entitlements;
				CODE_SIGN_STYLE = Automatic;
				DEVELOPMENT_ASSET_PATHS = "";
				DEVELOPMENT_TEAM = 4SL5L673UU;
				ENABLE_HARDENED_RUNTIME = YES;
				HEADER_SEARCH_PATHS = /Users/yangfeng/Desktop/DigitalCompute;
				LIBRARY_SEARCH_PATHS = ./third_party/glfw/build/src;
				OTHER_LDFLAGS = "-lglfw3";
				PRODUCT_NAME = "$(TARGET_NAME)";
				SYSTEM_HEADER_SEARCH_PATHS = (
					./third_party/glfw/include,
					./third_party/imgui,
				);
			};
			name = Debug;
		};
		0479F20528AF1B8C00823906 /* Release */ = {
			isa = XCBuildConfiguration;
			buildSettings = {
				CODE_SIGN_ENTITLEMENTS = apps/apps.entitlements;
				CODE_SIGN_STYLE = Automatic;
				DEVELOPMENT_ASSET_PATHS = "";
				DEVELOPMENT_TEAM = 4SL5L673UU;
				ENABLE_HARDENED_RUNTIME = YES;
				HEADER_SEARCH_PATHS = /Users/yangfeng/Desktop/DigitalCompute;
				LIBRARY_SEARCH_PATHS = ./third_party/glfw/build/src;
				OTHER_LDFLAGS = "-lglfw3";
				PRODUCT_NAME = "$(TARGET_NAME)";
				SYSTEM_HEADER_SEARCH_PATHS = (
					./third_party/glfw/include,
					./third_party/imgui,
				);
			};
			name = Release;
		};
		0479F21328AF1BBB00823906 /* Debug */ = {
			isa = XCBuildConfiguration;
			buildSettings = {
				CODE_SIGN_STYLE = Automatic;
				DEVELOPMENT_TEAM = 4SL5L673UU;
				EXECUTABLE_PREFIX = lib;
				GCC_ENABLE_CPP_EXCEPTIONS = YES;
				GCC_ENABLE_CPP_RTTI = YES;
				HEADER_SEARCH_PATHS = /Users/yangfeng/Desktop/DigitalCompute;
				PRODUCT_NAME = "$(TARGET_NAME)";
				SKIP_INSTALL = YES;
				SYSTEM_HEADER_SEARCH_PATHS = (
					./third_party/glfw/include,
					./third_party/spdlog/include,
				);
			};
			name = Debug;
		};
		0479F21428AF1BBB00823906 /* Release */ = {
			isa = XCBuildConfiguration;
			buildSettings = {
				CODE_SIGN_STYLE = Automatic;
				DEVELOPMENT_TEAM = 4SL5L673UU;
				EXECUTABLE_PREFIX = lib;
				GCC_ENABLE_CPP_EXCEPTIONS = YES;
				GCC_ENABLE_CPP_RTTI = YES;
				HEADER_SEARCH_PATHS = /Users/yangfeng/Desktop/DigitalCompute;
				PRODUCT_NAME = "$(TARGET_NAME)";
				SKIP_INSTALL = YES;
				SYSTEM_HEADER_SEARCH_PATHS = (
					./third_party/glfw/include,
					./third_party/spdlog/include,
				);
			};
			name = Release;
		};
		0479F22228AF1BD000823906 /* Debug */ = {
			isa = XCBuildConfiguration;
			buildSettings = {
				CODE_SIGN_STYLE = Automatic;
				DEVELOPMENT_TEAM = 4SL5L673UU;
				EXECUTABLE_PREFIX = lib;
				GCC_ENABLE_CPP_EXCEPTIONS = YES;
				GCC_ENABLE_CPP_RTTI = YES;
				PRODUCT_NAME = "$(TARGET_NAME)";
				SKIP_INSTALL = YES;
				SYSTEM_HEADER_SEARCH_PATHS = ./third_party/glfw/include;
			};
			name = Debug;
		};
		0479F22328AF1BD000823906 /* Release */ = {
			isa = XCBuildConfiguration;
			buildSettings = {
				CODE_SIGN_STYLE = Automatic;
				DEVELOPMENT_TEAM = 4SL5L673UU;
				EXECUTABLE_PREFIX = lib;
				GCC_ENABLE_CPP_EXCEPTIONS = YES;
				GCC_ENABLE_CPP_RTTI = YES;
				PRODUCT_NAME = "$(TARGET_NAME)";
				SKIP_INSTALL = YES;
				SYSTEM_HEADER_SEARCH_PATHS = ./third_party/glfw/include;
			};
			name = Release;
		};
		0479F25A28AF1EEB00823906 /* Debug */ = {
			isa = XCBuildConfiguration;
			buildSettings = {
				CODE_SIGN_STYLE = Automatic;
				DEVELOPMENT_TEAM = 4SL5L673UU;
				PRODUCT_NAME = "$(TARGET_NAME)";
			};
			name = Debug;
		};
		0479F25B28AF1EEB00823906 /* Release */ = {
			isa = XCBuildConfiguration;
			buildSettings = {
				CODE_SIGN_STYLE = Automatic;
				DEVELOPMENT_TEAM = 4SL5L673UU;
				PRODUCT_NAME = "$(TARGET_NAME)";
			};
			name = Release;
		};
/* End XCBuildConfiguration section */

/* Begin XCConfigurationList section */
		0479F1F728AF1B8C00823906 /* Build configuration list for PBXProject "DigitalCompute" */ = {
			isa = XCConfigurationList;
			buildConfigurations = (
				0479F20128AF1B8C00823906 /* Debug */,
				0479F20228AF1B8C00823906 /* Release */,
			);
			defaultConfigurationIsVisible = 0;
			defaultConfigurationName = Release;
		};
		0479F20328AF1B8C00823906 /* Build configuration list for PBXNativeTarget "apps" */ = {
			isa = XCConfigurationList;
			buildConfigurations = (
				0479F20428AF1B8C00823906 /* Debug */,
				0479F20528AF1B8C00823906 /* Release */,
			);
			defaultConfigurationIsVisible = 0;
			defaultConfigurationName = Release;
		};
		0479F21228AF1BBB00823906 /* Build configuration list for PBXNativeTarget "vox.compute" */ = {
			isa = XCConfigurationList;
			buildConfigurations = (
				0479F21328AF1BBB00823906 /* Debug */,
				0479F21428AF1BBB00823906 /* Release */,
			);
			defaultConfigurationIsVisible = 0;
			defaultConfigurationName = Release;
		};
		0479F22128AF1BD000823906 /* Build configuration list for PBXNativeTarget "third_party" */ = {
			isa = XCConfigurationList;
			buildConfigurations = (
				0479F22228AF1BD000823906 /* Debug */,
				0479F22328AF1BD000823906 /* Release */,
			);
			defaultConfigurationIsVisible = 0;
			defaultConfigurationName = Release;
		};
		0479F25928AF1EEB00823906 /* Build configuration list for PBXNativeTarget "vox.shader" */ = {
			isa = XCConfigurationList;
			buildConfigurations = (
				0479F25A28AF1EEB00823906 /* Debug */,
				0479F25B28AF1EEB00823906 /* Release */,
			);
			defaultConfigurationIsVisible = 0;
			defaultConfigurationName = Release;
		};
/* End XCConfigurationList section */
	};
	rootObject = 0479F1F428AF1B8C00823906 /* Project object */;
}
